{
  "name": "quakec-parser",
  "version": "1.0.0",
  "lockfileVersion": 1,
  "requires": true,
  "dependencies": {
    "doken": {
      "version": "1.0.2",
      "resolved": "https://registry.npmjs.org/doken/-/doken-1.0.2.tgz",
      "integrity": "sha512-JSVsMxaB5yikb6wBDQTGIcyNyUytrYQE7WGyGAC0EoFunUTV7Wag4p5JC2bXKuTfD7t847dy7TWcwyETUbYAiw=="
    }
  }
}
